
Microsoft Visual Studio Solution File, Format Version 12.00
# Visual Studio Version 16
VisualStudioVersion = 16.0.28803.156
MinimumVisualStudioVersion = 10.0.40219.1
Project("{FAE04EC0-301F-11D3-BF4B-00C04F79EFBC}") = "Split1", "Split\Split.csproj", "{7397E0D1-33E9-4F56-BE41-977240C17625}"
EndProject
Global
	GlobalSection(SolutionConfigurationPlatforms) = preSolution
		Debug|Any CPU = Debug|Any CPU
		Release|Any CPU = Release|Any CPU
	EndGlobalSection
	GlobalSection(ProjectConfigurationPlatforms) = postSolution
		{7397E0D1-33E9-4F56-BE41-977240C17625}.Debug|Any CPU.ActiveCfg = Debug|Any CPU
		{7397E0D1-33E9-4F56-BE41-977240C17625}.Debug|Any CPU.Build.0 = Debug|Any CPU
		{7397E0D1-33E9-4F56-BE41-977240C17625}.Release|Any CPU.ActiveCfg = Release|Any CPU
		{7397E0D1-33E9-4F56-BE41-977240C17625}.Release|Any CPU.Build.0 = Release|Any CPU
	EndGlobalSection
	GlobalSection(SolutionProperties) = preSolution
		HideSolutionNode = FALSE
	EndGlobalSection
	GlobalSection(ExtensibilityGlobals) = postSolution
		SolutionGuid = {D62C0C13-8889-4DA0-9432-D2244DEBD7EE}
	EndGlobalSection
	//AR
	//TEST
	//Test1
EndGlobal
